
Microsoft Visual Studio Solution File, Format Version 12.00
# Visual Studio Version 17
VisualStudioVersion = 17.2.32630.192
MinimumVisualStudioVersion = 10.0.40219.1
Project("{FAE04EC0-301F-11D3-BF4B-00C04F79EFBC}") = "ms-preferencias-net", "ms-preferencias-net.csproj", "{CEDBB0A3-149C-4AE2-B7FE-2EEEC06DC7BE}"
EndProject
Global
	GlobalSection(SolutionConfigurationPlatforms) = preSolution
		Debug|Any CPU = Debug|Any CPU
		Release|Any CPU = Release|Any CPU
	EndGlobalSection
	GlobalSection(ProjectConfigurationPlatforms) = postSolution
		{CEDBB0A3-149C-4AE2-B7FE-2EEEC06DC7BE}.Debug|Any CPU.ActiveCfg = Debug|Any CPU
		{CEDBB0A3-149C-4AE2-B7FE-2EEEC06DC7BE}.Debug|Any CPU.Build.0 = Debug|Any CPU
		{CEDBB0A3-149C-4AE2-B7FE-2EEEC06DC7BE}.Release|Any CPU.ActiveCfg = Release|Any CPU
		{CEDBB0A3-149C-4AE2-B7FE-2EEEC06DC7BE}.Release|Any CPU.Build.0 = Release|Any CPU
	EndGlobalSection
	GlobalSection(SolutionProperties) = preSolution
		HideSolutionNode = FALSE
	EndGlobalSection
	GlobalSection(ExtensibilityGlobals) = postSolution
		SolutionGuid = {348104B0-8CFC-4D36-BB54-0A67DD080A33}
	EndGlobalSection
EndGlobal
